
Microsoft Visual Studio Solution File, Format Version 12.00
# Visual Studio 15
VisualStudioVersion = 15.0.28010.2003
MinimumVisualStudioVersion = 10.0.40219.1
Project("{FAE04EC0-301F-11D3-BF4B-00C04F79EFBC}") = "ConsoleUtilities", "ConsoleUtilities\ConsoleUtilities.csproj", "{6F5DAD41-50AF-42D3-B048-235F64196746}"
EndProject
Project("{FAE04EC0-301F-11D3-BF4B-00C04F79EFBC}") = "ConsoleUtilities.Sample", "ConsoleUtilities.Sample\ConsoleUtilities.Sample.csproj", "{C259480A-D9D8-40CE-BE75-D2C92C7AADEA}"
EndProject
Global
	GlobalSection(SolutionConfigurationPlatforms) = preSolution
		Debug|Any CPU = Debug|Any CPU
		Release|Any CPU = Release|Any CPU
	EndGlobalSection
	GlobalSection(ProjectConfigurationPlatforms) = postSolution
		{6F5DAD41-50AF-42D3-B048-235F64196746}.Debug|Any CPU.ActiveCfg = Debug|Any CPU
		{6F5DAD41-50AF-42D3-B048-235F64196746}.Debug|Any CPU.Build.0 = Debug|Any CPU
		{6F5DAD41-50AF-42D3-B048-235F64196746}.Release|Any CPU.ActiveCfg = Release|Any CPU
		{6F5DAD41-50AF-42D3-B048-235F64196746}.Release|Any CPU.Build.0 = Release|Any CPU
		{C259480A-D9D8-40CE-BE75-D2C92C7AADEA}.Debug|Any CPU.ActiveCfg = Debug|Any CPU
		{C259480A-D9D8-40CE-BE75-D2C92C7AADEA}.Debug|Any CPU.Build.0 = Debug|Any CPU
		{C259480A-D9D8-40CE-BE75-D2C92C7AADEA}.Release|Any CPU.ActiveCfg = Release|Any CPU
		{C259480A-D9D8-40CE-BE75-D2C92C7AADEA}.Release|Any CPU.Build.0 = Release|Any CPU
	EndGlobalSection
	GlobalSection(SolutionProperties) = preSolution
		HideSolutionNode = FALSE
	EndGlobalSection
	GlobalSection(ExtensibilityGlobals) = postSolution
		SolutionGuid = {9B4082A5-FA3B-4FA0-B7AA-2DDA4A66AD9A}
	EndGlobalSection
EndGlobal
